
Microsoft Visual Studio Solution File, Format Version 12.00
# Visual Studio Version 17
VisualStudioVersion = 17.12.35527.113
MinimumVisualStudioVersion = 10.0.40219.1
Project("{8BC9CEB8-8B4A-11D0-8D11-00A0C91BC942}") = "CodeWalker.Shaders", "CodeWalker.Shaders\CodeWalker.Shaders.vcxproj", "{0D14B076-0ABF-434E-AB9F-36E7800D8887}"
EndProject
Project("{9A19103F-16F7-4668-BE54-9A1E7A4F7556}") = "CodeWalker.Core", "CodeWalker.Core\CodeWalker.Core.csproj", "{FF6B9F41-14BE-474E-9ED0-549C3BEB7E00}"
EndProject
Project("{9A19103F-16F7-4668-BE54-9A1E7A4F7556}") = "CodeWalker.ErrorReport", "CodeWalker.ErrorReport\CodeWalker.ErrorReport.csproj", "{1546AD63-DB3A-48B3-873F-2209DF971A2E}"
EndProject
Project("{9A19103F-16F7-4668-BE54-9A1E7A4F7556}") = "CodeWalker.WinForms", "CodeWalker.WinForms\CodeWalker.WinForms.csproj", "{9E46DC27-6508-403E-A917-23C7A389CD26}"
EndProject
Project("{9A19103F-16F7-4668-BE54-9A1E7A4F7556}") = "CodeWalker", "CodeWalker\CodeWalker.csproj", "{A4E4F8E1-BCBA-46ED-8178-679FB2D3D23B}"
	ProjectSection(ProjectDependencies) = postProject
		{9E46DC27-6508-403E-A917-23C7A389CD26} = {9E46DC27-6508-403E-A917-23C7A389CD26}
		{FF6B9F41-14BE-474E-9ED0-549C3BEB7E00} = {FF6B9F41-14BE-474E-9ED0-549C3BEB7E00}
	EndProjectSection
EndProject
Project("{9A19103F-16F7-4668-BE54-9A1E7A4F7556}") = "CodeWalker.Peds", "CodeWalker.Peds\CodeWalker.Peds.csproj", "{F029235F-38A7-463F-ADB6-80261375AF8A}"
EndProject
Project("{9A19103F-16F7-4668-BE54-9A1E7A4F7556}") = "CodeWalker.ParticleEditorWpf", "CodeWalker.ParticleEditorWpf\CodeWalker.ParticleEditorWpf.csproj", "{B1E5C3A2-4F7D-4E8B-9C1A-2D3E4F5A6B7C}"
EndProject
Project("{9A19103F-16F7-4668-BE54-9A1E7A4F7556}") = "CodeWalker.RPFExplorer", "CodeWalker.RPFExplorer\CodeWalker.RPFExplorer.csproj", "{C6C8D7EB-CBF5-4748-B438-1EA3415C7DD5}"
EndProject
Project("{9A19103F-16F7-4668-BE54-9A1E7A4F7556}") = "CodeWalker.Vehicles", "CodeWalker.Vehicles\CodeWalker.Vehicles.csproj", "{F5A776B0-2F1A-4C36-87B3-86206AC4B439}"
EndProject
Project("{FAE04EC0-301F-11D3-BF4B-00C04F79EFBC}") = "CodeWalker.ModManager", "CodeWalker.ModManager\CodeWalker.ModManager.csproj", "{F6D4FD23-61CC-4A89-8C97-498A8A569FF6}"
EndProject
Project("{FAE04EC0-301F-11D3-BF4B-00C04F79EFBC}") = "CodeWalker.Gen9Converter", "CodeWalker.Gen9Converter\CodeWalker.Gen9Converter.csproj", "{C099F538-B5F6-4AAF-B877-B0835DE4EFA6}"
EndProject
Project("{8BC9CEB8-8B4A-11D0-8D11-00A0C91BC942}") = "CodeWalker.NVTT", "CodeWalker.NVTT\CodeWalker.NVTT.vcxproj", "{8A2B7A2E-5D1C-4F3E-9B8A-1C2D3E4F5A6B}"
EndProject
Project("{FAE04EC0-301F-11D3-BF4B-00C04F79EFBC}") = "CodeWalker.Profiler", "CodeWalker.Profiler\CodeWalker.Profiler.csproj", "{760C9CAE-CA02-4857-9775-DDCA6A68824B}"
EndProject
Project("{FAE04EC0-301F-11D3-BF4B-00C04F79EFBC}") = "CodeWalker.Core.Tests", "CodeWalker.Core.Tests\CodeWalker.Core.Tests.csproj", "{46EB1C6E-2C93-46B8-A01D-F9EB4C535CE5}"
EndProject
Project("{FAE04EC0-301F-11D3-BF4B-00C04F79EFBC}") = "CodeWalker.Tests", "CodeWalker.Tests\CodeWalker.Tests.csproj", "{F67D835F-033D-459E-AFDD-981423AC9474}"
EndProject
Project("{FAE04EC0-301F-11D3-BF4B-00C04F79EFBC}") = "CodeWalker.WinForms.Tests", "CodeWalker.WinForms.Tests\CodeWalker.WinForms.Tests.csproj", "{B8503D86-C5D0-4F9C-944B-0EB6072E45FE}"
EndProject
Global
	GlobalSection(SolutionConfigurationPlatforms) = preSolution
		Debug|Any CPU = Debug|Any CPU
		Debug|x64 = Debug|x64
		Debug|x86 = Debug|x86
		Release|Any CPU = Release|Any CPU
		Release|x64 = Release|x64
		Release|x86 = Release|x86
	EndGlobalSection
	GlobalSection(ProjectConfigurationPlatforms) = postSolution
		{0D14B076-0ABF-434E-AB9F-36E7800D8887}.Debug|Any CPU.ActiveCfg = Debug|Win32
		{0D14B076-0ABF-434E-AB9F-36E7800D8887}.Debug|Any CPU.Build.0 = Debug|Win32
		{0D14B076-0ABF-434E-AB9F-36E7800D8887}.Debug|x64.ActiveCfg = Debug|x64
		{0D14B076-0ABF-434E-AB9F-36E7800D8887}.Debug|x86.ActiveCfg = Debug|Win32
		{0D14B076-0ABF-434E-AB9F-36E7800D8887}.Debug|x86.Build.0 = Debug|Win32
		{0D14B076-0ABF-434E-AB9F-36E7800D8887}.Release|Any CPU.ActiveCfg = Release|Win32
		{0D14B076-0ABF-434E-AB9F-36E7800D8887}.Release|Any CPU.Build.0 = Release|Win32
		{0D14B076-0ABF-434E-AB9F-36E7800D8887}.Release|x64.ActiveCfg = Release|x64
		{0D14B076-0ABF-434E-AB9F-36E7800D8887}.Release|x64.Build.0 = Release|x64
		{0D14B076-0ABF-434E-AB9F-36E7800D8887}.Release|x86.ActiveCfg = Release|Win32
		{0D14B076-0ABF-434E-AB9F-36E7800D8887}.Release|x86.Build.0 = Release|Win32
		{FF6B9F41-14BE-474E-9ED0-549C3BEB7E00}.Debug|Any CPU.ActiveCfg = Debug|Any CPU
		{FF6B9F41-14BE-474E-9ED0-549C3BEB7E00}.Debug|Any CPU.Build.0 = Debug|Any CPU
		{FF6B9F41-14BE-474E-9ED0-549C3BEB7E00}.Debug|x64.ActiveCfg = Debug|Any CPU
		{FF6B9F41-14BE-474E-9ED0-549C3BEB7E00}.Debug|x64.Build.0 = Debug|Any CPU
		{FF6B9F41-14BE-474E-9ED0-549C3BEB7E00}.Debug|x86.ActiveCfg = Debug|Any CPU
		{FF6B9F41-14BE-474E-9ED0-549C3BEB7E00}.Debug|x86.Build.0 = Debug|Any CPU
		{FF6B9F41-14BE-474E-9ED0-549C3BEB7E00}.Release|Any CPU.ActiveCfg = Release|Any CPU
		{FF6B9F41-14BE-474E-9ED0-549C3BEB7E00}.Release|Any CPU.Build.0 = Release|Any CPU
		{FF6B9F41-14BE-474E-9ED0-549C3BEB7E00}.Release|x64.ActiveCfg = Release|Any CPU
		{FF6B9F41-14BE-474E-9ED0-549C3BEB7E00}.Release|x64.Build.0 = Release|Any CPU
		{FF6B9F41-14BE-474E-9ED0-549C3BEB7E00}.Release|x86.ActiveCfg = Release|Any CPU
		{FF6B9F41-14BE-474E-9ED0-549C3BEB7E00}.Release|x86.Build.0 = Release|Any CPU
		{1546AD63-DB3A-48B3-873F-2209DF971A2E}.Debug|Any CPU.ActiveCfg = Debug|Any CPU
		{1546AD63-DB3A-48B3-873F-2209DF971A2E}.Debug|Any CPU.Build.0 = Debug|Any CPU
		{1546AD63-DB3A-48B3-873F-2209DF971A2E}.Debug|x64.ActiveCfg = Debug|Any CPU
		{1546AD63-DB3A-48B3-873F-2209DF971A2E}.Debug|x64.Build.0 = Debug|Any CPU
		{1546AD63-DB3A-48B3-873F-2209DF971A2E}.Debug|x86.ActiveCfg = Debug|Any CPU
		{1546AD63-DB3A-48B3-873F-2209DF971A2E}.Debug|x86.Build.0 = Debug|Any CPU
		{1546AD63-DB3A-48B3-873F-2209DF971A2E}.Release|Any CPU.ActiveCfg = Release|Any CPU
		{1546AD63-DB3A-48B3-873F-2209DF971A2E}.Release|Any CPU.Build.0 = Release|Any CPU
		{1546AD63-DB3A-48B3-873F-2209DF971A2E}.Release|x64.ActiveCfg = Release|Any CPU
		{1546AD63-DB3A-48B3-873F-2209DF971A2E}.Release|x64.Build.0 = Release|Any CPU
		{1546AD63-DB3A-48B3-873F-2209DF971A2E}.Release|x86.ActiveCfg = Release|Any CPU
		{1546AD63-DB3A-48B3-873F-2209DF971A2E}.Release|x86.Build.0 = Release|Any CPU
		{9E46DC27-6508-403E-A917-23C7A389CD26}.Debug|Any CPU.ActiveCfg = Debug|Any CPU
		{9E46DC27-6508-403E-A917-23C7A389CD26}.Debug|Any CPU.Build.0 = Debug|Any CPU
		{9E46DC27-6508-403E-A917-23C7A389CD26}.Debug|x64.ActiveCfg = Debug|Any CPU
		{9E46DC27-6508-403E-A917-23C7A389CD26}.Debug|x64.Build.0 = Debug|Any CPU
		{9E46DC27-6508-403E-A917-23C7A389CD26}.Debug|x86.ActiveCfg = Debug|Any CPU
		{9E46DC27-6508-403E-A917-23C7A389CD26}.Debug|x86.Build.0 = Debug|Any CPU
		{9E46DC27-6508-403E-A917-23C7A389CD26}.Release|Any CPU.ActiveCfg = Release|Any CPU
		{9E46DC27-6508-403E-A917-23C7A389CD26}.Release|Any CPU.Build.0 = Release|Any CPU
		{9E46DC27-6508-403E-A917-23C7A389CD26}.Release|x64.ActiveCfg = Release|Any CPU
		{9E46DC27-6508-403E-A917-23C7A389CD26}.Release|x64.Build.0 = Release|Any CPU
		{9E46DC27-6508-403E-A917-23C7A389CD26}.Release|x86.ActiveCfg = Release|Any CPU
		{9E46DC27-6508-403E-A917-23C7A389CD26}.Release|x86.Build.0 = Release|Any CPU
		{A4E4F8E1-BCBA-46ED-8178-679FB2D3D23B}.Debug|Any CPU.ActiveCfg = Debug|Any CPU
		{A4E4F8E1-BCBA-46ED-8178-679FB2D3D23B}.Debug|Any CPU.Build.0 = Debug|Any CPU
		{A4E4F8E1-BCBA-46ED-8178-679FB2D3D23B}.Debug|x64.ActiveCfg = Debug|Any CPU
		{A4E4F8E1-BCBA-46ED-8178-679FB2D3D23B}.Debug|x64.Build.0 = Debug|Any CPU
		{A4E4F8E1-BCBA-46ED-8178-679FB2D3D23B}.Debug|x86.ActiveCfg = Debug|Any CPU
		{A4E4F8E1-BCBA-46ED-8178-679FB2D3D23B}.Debug|x86.Build.0 = Debug|Any CPU
		{A4E4F8E1-BCBA-46ED-8178-679FB2D3D23B}.Release|Any CPU.ActiveCfg = Release|Any CPU
		{A4E4F8E1-BCBA-46ED-8178-679FB2D3D23B}.Release|Any CPU.Build.0 = Release|Any CPU
		{A4E4F8E1-BCBA-46ED-8178-679FB2D3D23B}.Release|x64.ActiveCfg = Release|Any CPU
		{A4E4F8E1-BCBA-46ED-8178-679FB2D3D23B}.Release|x64.Build.0 = Release|Any CPU
		{A4E4F8E1-BCBA-46ED-8178-679FB2D3D23B}.Release|x86.ActiveCfg = Release|Any CPU
		{A4E4F8E1-BCBA-46ED-8178-679FB2D3D23B}.Release|x86.Build.0 = Release|Any CPU
		{F029235F-38A7-463F-ADB6-80261375AF8A}.Debug|Any CPU.ActiveCfg = Debug|Any CPU
		{F029235F-38A7-463F-ADB6-80261375AF8A}.Debug|Any CPU.Build.0 = Debug|Any CPU
		{F029235F-38A7-463F-ADB6-80261375AF8A}.Debug|x64.ActiveCfg = Debug|Any CPU
		{F029235F-38A7-463F-ADB6-80261375AF8A}.Debug|x64.Build.0 = Debug|Any CPU
		{F029235F-38A7-463F-ADB6-80261375AF8A}.Debug|x86.ActiveCfg = Debug|Any CPU
		{F029235F-38A7-463F-ADB6-80261375AF8A}.Debug|x86.Build.0 = Debug|Any CPU
		{F029235F-38A7-463F-ADB6-80261375AF8A}.Release|Any CPU.ActiveCfg = Release|Any CPU
		{F029235F-38A7-463F-ADB6-80261375AF8A}.Release|Any CPU.Build.0 = Release|Any CPU
		{F029235F-38A7-463F-ADB6-80261375AF8A}.Release|x64.ActiveCfg = Release|Any CPU
		{F029235F-38A7-463F-ADB6-80261375AF8A}.Release|x64.Build.0 = Release|Any CPU
		{F029235F-38A7-463F-ADB6-80261375AF8A}.Release|x86.ActiveCfg = Release|Any CPU
		{F029235F-38A7-463F-ADB6-80261375AF8A}.Release|x86.Build.0 = Release|Any CPU
		{B1E5C3A2-4F7D-4E8B-9C1A-2D3E4F5A6B7C}.Debug|Any CPU.ActiveCfg = Debug|Any CPU
		{B1E5C3A2-4F7D-4E8B-9C1A-2D3E4F5A6B7C}.Debug|Any CPU.Build.0 = Debug|Any CPU
		{B1E5C3A2-4F7D-4E8B-9C1A-2D3E4F5A6B7C}.Debug|x64.ActiveCfg = Debug|Any CPU
		{B1E5C3A2-4F7D-4E8B-9C1A-2D3E4F5A6B7C}.Debug|x64.Build.0 = Debug|Any CPU
		{B1E5C3A2-4F7D-4E8B-9C1A-2D3E4F5A6B7C}.Debug|x86.ActiveCfg = Debug|Any CPU
		{B1E5C3A2-4F7D-4E8B-9C1A-2D3E4F5A6B7C}.Debug|x86.Build.0 = Debug|Any CPU
		{B1E5C3A2-4F7D-4E8B-9C1A-2D3E4F5A6B7C}.Release|Any CPU.ActiveCfg = Release|Any CPU
		{B1E5C3A2-4F7D-4E8B-9C1A-2D3E4F5A6B7C}.Release|Any CPU.Build.0 = Release|Any CPU
		{B1E5C3A2-4F7D-4E8B-9C1A-2D3E4F5A6B7C}.Release|x64.ActiveCfg = Release|Any CPU
		{B1E5C3A2-4F7D-4E8B-9C1A-2D3E4F5A6B7C}.Release|x64.Build.0 = Release|Any CPU
		{B1E5C3A2-4F7D-4E8B-9C1A-2D3E4F5A6B7C}.Release|x86.ActiveCfg = Release|Any CPU
		{B1E5C3A2-4F7D-4E8B-9C1A-2D3E4F5A6B7C}.Release|x86.Build.0 = Release|Any CPU
		{C6C8D7EB-CBF5-4748-B438-1EA3415C7DD5}.Debug|Any CPU.ActiveCfg = Debug|Any CPU
		{C6C8D7EB-CBF5-4748-B438-1EA3415C7DD5}.Debug|Any CPU.Build.0 = Debug|Any CPU
		{C6C8D7EB-CBF5-4748-B438-1EA3415C7DD5}.Debug|x64.ActiveCfg = Debug|Any CPU
		{C6C8D7EB-CBF5-4748-B438-1EA3415C7DD5}.Debug|x64.Build.0 = Debug|Any CPU
		{C6C8D7EB-CBF5-4748-B438-1EA3415C7DD5}.Debug|x86.ActiveCfg = Debug|Any CPU
		{C6C8D7EB-CBF5-4748-B438-1EA3415C7DD5}.Debug|x86.Build.0 = Debug|Any CPU
		{C6C8D7EB-CBF5-4748-B438-1EA3415C7DD5}.Release|Any CPU.ActiveCfg = Release|Any CPU
		{C6C8D7EB-CBF5-4748-B438-1EA3415C7DD5}.Release|Any CPU.Build.0 = Release|Any CPU
		{C6C8D7EB-CBF5-4748-B438-1EA3415C7DD5}.Release|x64.ActiveCfg = Release|Any CPU
		{C6C8D7EB-CBF5-4748-B438-1EA3415C7DD5}.Release|x64.Build.0 = Release|Any CPU
		{C6C8D7EB-CBF5-4748-B438-1EA3415C7DD5}.Release|x86.ActiveCfg = Release|Any CPU
		{C6C8D7EB-CBF5-4748-B438-1EA3415C7DD5}.Release|x86.Build.0 = Release|Any CPU
		{F5A776B0-2F1A-4C36-87B3-86206AC4B439}.Debug|Any CPU.ActiveCfg = Debug|Any CPU
		{F5A776B0-2F1A-4C36-87B3-86206AC4B439}.Debug|Any CPU.Build.0 = Debug|Any CPU
		{F5A776B0-2F1A-4C36-87B3-86206AC4B439}.Debug|x64.ActiveCfg = Debug|Any CPU
		{F5A776B0-2F1A-4C36-87B3-86206AC4B439}.Debug|x64.Build.0 = Debug|Any CPU
		{F5A776B0-2F1A-4C36-87B3-86206AC4B439}.Debug|x86.ActiveCfg = Debug|Any CPU
		{F5A776B0-2F1A-4C36-87B3-86206AC4B439}.Debug|x86.Build.0 = Debug|Any CPU
		{F5A776B0-2F1A-4C36-87B3-86206AC4B439}.Release|Any CPU.ActiveCfg = Release|Any CPU
		{F5A776B0-2F1A-4C36-87B3-86206AC4B439}.Release|Any CPU.Build.0 = Release|Any CPU
		{F5A776B0-2F1A-4C36-87B3-86206AC4B439}.Release|x64.ActiveCfg = Release|Any CPU
		{F5A776B0-2F1A-4C36-87B3-86206AC4B439}.Release|x64.Build.0 = Release|Any CPU
		{F5A776B0-2F1A-4C36-87B3-86206AC4B439}.Release|x86.ActiveCfg = Release|Any CPU
		{F5A776B0-2F1A-4C36-87B3-86206AC4B439}.Release|x86.Build.0 = Release|Any CPU
		{F6D4FD23-61CC-4A89-8C97-498A8A569FF6}.Debug|Any CPU.ActiveCfg = Debug|Any CPU
		{F6D4FD23-61CC-4A89-8C97-498A8A569FF6}.Debug|Any CPU.Build.0 = Debug|Any CPU
		{F6D4FD23-61CC-4A89-8C97-498A8A569FF6}.Debug|x64.ActiveCfg = Debug|Any CPU
		{F6D4FD23-61CC-4A89-8C97-498A8A569FF6}.Debug|x64.Build.0 = Debug|Any CPU
		{F6D4FD23-61CC-4A89-8C97-498A8A569FF6}.Debug|x86.ActiveCfg = Debug|Any CPU
		{F6D4FD23-61CC-4A89-8C97-498A8A569FF6}.Debug|x86.Build.0 = Debug|Any CPU
		{F6D4FD23-61CC-4A89-8C97-498A8A569FF6}.Release|Any CPU.ActiveCfg = Release|Any CPU
		{F6D4FD23-61CC-4A89-8C97-498A8A569FF6}.Release|Any CPU.Build.0 = Release|Any CPU
		{F6D4FD23-61CC-4A89-8C97-498A8A569FF6}.Release|x64.ActiveCfg = Release|Any CPU
		{F6D4FD23-61CC-4A89-8C97-498A8A569FF6}.Release|x64.Build.0 = Release|Any CPU
		{F6D4FD23-61CC-4A89-8C97-498A8A569FF6}.Release|x86.ActiveCfg = Release|Any CPU
		{F6D4FD23-61CC-4A89-8C97-498A8A569FF6}.Release|x86.Build.0 = Release|Any CPU
		{C099F538-B5F6-4AAF-B877-B0835DE4EFA6}.Debug|Any CPU.ActiveCfg = Debug|Any CPU
		{C099F538-B5F6-4AAF-B877-B0835DE4EFA6}.Debug|Any CPU.Build.0 = Debug|Any CPU
		{C099F538-B5F6-4AAF-B877-B0835DE4EFA6}.Debug|x64.ActiveCfg = Debug|Any CPU
		{C099F538-B5F6-4AAF-B877-B0835DE4EFA6}.Debug|x64.Build.0 = Debug|Any CPU
		{C099F538-B5F6-4AAF-B877-B0835DE4EFA6}.Debug|x86.ActiveCfg = Debug|Any CPU
		{C099F538-B5F6-4AAF-B877-B0835DE4EFA6}.Debug|x86.Build.0 = Debug|Any CPU
		{C099F538-B5F6-4AAF-B877-B0835DE4EFA6}.Release|Any CPU.ActiveCfg = Release|Any CPU
		{C099F538-B5F6-4AAF-B877-B0835DE4EFA6}.Release|Any CPU.Build.0 = Release|Any CPU
		{C099F538-B5F6-4AAF-B877-B0835DE4EFA6}.Release|x64.ActiveCfg = Release|Any CPU
		{C099F538-B5F6-4AAF-B877-B0835DE4EFA6}.Release|x64.Build.0 = Release|Any CPU
		{C099F538-B5F6-4AAF-B877-B0835DE4EFA6}.Release|x86.ActiveCfg = Release|Any CPU
		{C099F538-B5F6-4AAF-B877-B0835DE4EFA6}.Release|x86.Build.0 = Release|Any CPU
		{8A2B7A2E-5D1C-4F3E-9B8A-1C2D3E4F5A6B}.Debug|Any CPU.ActiveCfg = Debug|x64
		{8A2B7A2E-5D1C-4F3E-9B8A-1C2D3E4F5A6B}.Debug|Any CPU.Build.0 = Debug|x64
		{8A2B7A2E-5D1C-4F3E-9B8A-1C2D3E4F5A6B}.Debug|x64.ActiveCfg = Debug|x64
		{8A2B7A2E-5D1C-4F3E-9B8A-1C2D3E4F5A6B}.Debug|x64.Build.0 = Debug|x64
		{8A2B7A2E-5D1C-4F3E-9B8A-1C2D3E4F5A6B}.Debug|x86.ActiveCfg = Debug|x64
		{8A2B7A2E-5D1C-4F3E-9B8A-1C2D3E4F5A6B}.Release|Any CPU.ActiveCfg = Release|x64
		{8A2B7A2E-5D1C-4F3E-9B8A-1C2D3E4F5A6B}.Release|Any CPU.Build.0 = Release|x64
		{8A2B7A2E-5D1C-4F3E-9B8A-1C2D3E4F5A6B}.Release|x64.ActiveCfg = Release|x64
		{8A2B7A2E-5D1C-4F3E-9B8A-1C2D3E4F5A6B}.Release|x64.Build.0 = Release|x64
		{8A2B7A2E-5D1C-4F3E-9B8A-1C2D3E4F5A6B}.Release|x86.ActiveCfg = Release|x64
		{760C9CAE-CA02-4857-9775-DDCA6A68824B}.Debug|Any CPU.ActiveCfg = Debug|Any CPU
		{760C9CAE-CA02-4857-9775-DDCA6A68824B}.Debug|Any CPU.Build.0 = Debug|Any CPU
		{760C9CAE-CA02-4857-9775-DDCA6A68824B}.Debug|x64.ActiveCfg = Debug|x64
		{760C9CAE-CA02-4857-9775-DDCA6A68824B}.Debug|x64.Build.0 = Debug|x64
		{760C9CAE-CA02-4857-9775-DDCA6A68824B}.Debug|x86.ActiveCfg = Debug|Any CPU
		{760C9CAE-CA02-4857-9775-DDCA6A68824B}.Debug|x86.Build.0 = Debug|Any CPU
		{760C9CAE-CA02-4857-9775-DDCA6A68824B}.Release|Any CPU.ActiveCfg = Release|Any CPU
		{760C9CAE-CA02-4857-9775-DDCA6A68824B}.Release|Any CPU.Build.0 = Release|Any CPU
		{760C9CAE-CA02-4857-9775-DDCA6A68824B}.Release|x64.ActiveCfg = Release|x64
		{760C9CAE-CA02-4857-9775-DDCA6A68824B}.Release|x64.Build.0 = Release|x64
		{760C9CAE-CA02-4857-9775-DDCA6A68824B}.Release|x86.ActiveCfg = Release|Any CPU
		{760C9CAE-CA02-4857-9775-DDCA6A68824B}.Release|x86.Build.0 = Release|Any CPU
		{46EB1C6E-2C93-46B8-A01D-F9EB4C535CE5}.Debug|Any CPU.ActiveCfg = Debug|Any CPU
		{46EB1C6E-2C93-46B8-A01D-F9EB4C535CE5}.Debug|Any CPU.Build.0 = Debug|Any CPU
		{46EB1C6E-2C93-46B8-A01D-F9EB4C535CE5}.Debug|x64.ActiveCfg = Debug|Any CPU
		{46EB1C6E-2C93-46B8-A01D-F9EB4C535CE5}.Debug|x64.Build.0 = Debug|Any CPU
		{46EB1C6E-2C93-46B8-A01D-F9EB4C535CE5}.Debug|x86.ActiveCfg = Debug|Any CPU
		{46EB1C6E-2C93-46B8-A01D-F9EB4C535CE5}.Debug|x86.Build.0 = Debug|Any CPU
		{46EB1C6E-2C93-46B8-A01D-F9EB4C535CE5}.Release|Any CPU.ActiveCfg = Release|Any CPU
		{46EB1C6E-2C93-46B8-A01D-F9EB4C535CE5}.Release|Any CPU.Build.0 = Release|Any CPU
		{46EB1C6E-2C93-46B8-A01D-F9EB4C535CE5}.Release|x64.ActiveCfg = Release|Any CPU
		{46EB1C6E-2C93-46B8-A01D-F9EB4C535CE5}.Release|x64.Build.0 = Release|Any CPU
		{46EB1C6E-2C93-46B8-A01D-F9EB4C535CE5}.Release|x86.ActiveCfg = Release|Any CPU
		{46EB1C6E-2C93-46B8-A01D-F9EB4C535CE5}.Release|x86.Build.0 = Release|Any CPU
		{F67D835F-033D-459E-AFDD-981423AC9474}.Debug|Any CPU.ActiveCfg = Debug|Any CPU
		{F67D835F-033D-459E-AFDD-981423AC9474}.Debug|Any CPU.Build.0 = Debug|Any CPU
		{F67D835F-033D-459E-AFDD-981423AC9474}.Debug|x64.ActiveCfg = Debug|Any CPU
		{F67D835F-033D-459E-AFDD-981423AC9474}.Debug|x64.Build.0 = Debug|Any CPU
		{F67D835F-033D-459E-AFDD-981423AC9474}.Debug|x86.ActiveCfg = Debug|Any CPU
		{F67D835F-033D-459E-AFDD-981423AC9474}.Debug|x86.Build.0 = Debug|Any CPU
		{F67D835F-033D-459E-AFDD-981423AC9474}.Release|Any CPU.ActiveCfg = Release|Any CPU
		{F67D835F-033D-459E-AFDD-981423AC9474}.Release|Any CPU.Build.0 = Release|Any CPU
		{F67D835F-033D-459E-AFDD-981423AC9474}.Release|x64.ActiveCfg = Release|Any CPU
		{F67D835F-033D-459E-AFDD-981423AC9474}.Release|x64.Build.0 = Release|Any CPU
		{F67D835F-033D-459E-AFDD-981423AC9474}.Release|x86.ActiveCfg = Release|Any CPU
		{F67D835F-033D-459E-AFDD-981423AC9474}.Release|x86.Build.0 = Release|Any CPU
		{B8503D86-C5D0-4F9C-944B-0EB6072E45FE}.Debug|Any CPU.ActiveCfg = Debug|Any CPU
		{B8503D86-C5D0-4F9C-944B-0EB6072E45FE}.Debug|Any CPU.Build.0 = Debug|Any CPU
		{B8503D86-C5D0-4F9C-944B-0EB6072E45FE}.Debug|x64.ActiveCfg = Debug|Any CPU
		{B8503D86-C5D0-4F9C-944B-0EB6072E45FE}.Debug|x64.Build.0 = Debug|Any CPU
		{B8503D86-C5D0-4F9C-944B-0EB6072E45FE}.Debug|x86.ActiveCfg = Debug|Any CPU
		{B8503D86-C5D0-4F9C-944B-0EB6072E45FE}.Debug|x86.Build.0 = Debug|Any CPU
		{B8503D86-C5D0-4F9C-944B-0EB6072E45FE}.Release|Any CPU.ActiveCfg = Release|Any CPU
		{B8503D86-C5D0-4F9C-944B-0EB6072E45FE}.Release|Any CPU.Build.0 = Release|Any CPU
		{B8503D86-C5D0-4F9C-944B-0EB6072E45FE}.Release|x64.ActiveCfg = Release|Any CPU
		{B8503D86-C5D0-4F9C-944B-0EB6072E45FE}.Release|x64.Build.0 = Release|Any CPU
		{B8503D86-C5D0-4F9C-944B-0EB6072E45FE}.Release|x86.ActiveCfg = Release|Any CPU
		{B8503D86-C5D0-4F9C-944B-0EB6072E45FE}.Release|x86.Build.0 = Release|Any CPU
	EndGlobalSection
	GlobalSection(SolutionProperties) = preSolution
		HideSolutionNode = FALSE
	EndGlobalSection
	GlobalSection(ExtensibilityGlobals) = postSolution
		SolutionGuid = {5D6153C2-98D1-4C3D-9232-4C2BEEAEC8E0}
	EndGlobalSection
EndGlobal
